// !$*UTF8*$!
{
	archiveVersion = 1;
	classes = {
	};
	objectVersion = 55;
	objects = {

/* Begin PBXBuildFile section */
		891A974E2C7E830100D4FA15 /* CopyNotesApp.swift in Sources */ = {isa = PBXBuildFile; fileRef = 891A974D2C7E830100D4FA15 /* CopyNotesApp.swift */; };
		891A97502C7E830100D4FA15 /* ContentView.swift in Sources */ = {isa = PBXBuildFile; fileRef = 891A974F2C7E830100D4FA15 /* ContentView.swift */; };
		891A97522C7E830400D4FA15 /* Assets.xcassets in Resources */ = {isa = PBXBuildFile; fileRef = 891A97512C7E830400D4FA15 /* Assets.xcassets */; };
		891A97552C7E830400D4FA15 /* Preview Assets.xcassets in Resources */ = {isa = PBXBuildFile; fileRef = 891A97542C7E830400D4FA15 /* Preview Assets.xcassets */; };
		891A97602C7E830400D4FA15 /* CopyNotesTests.swift in Sources */ = {isa = PBXBuildFile; fileRef = 891A975F2C7E830400D4FA15 /* CopyNotesTests.swift */; };
		891A976A2C7E830400D4FA15 /* CopyNotesUITests.swift in Sources */ = {isa = PBXBuildFile; fileRef = 891A97692C7E830400D4FA15 /* CopyNotesUITests.swift */; };
		891A976C2C7E830400D4FA15 /* CopyNotesUITestsLaunchTests.swift in Sources */ = {isa = PBXBuildFile; fileRef = 891A976B2C7E830400D4FA15 /* CopyNotesUITestsLaunchTests.swift */; };
		891A977A2C7E833600D4FA15 /* Notes.xcdatamodeld in Sources */ = {isa = PBXBuildFile; fileRef = 891A97782C7E833600D4FA15 /* Notes.xcdatamodeld */; };
		891A977C2C7E858700D4FA15 /* PersistenceController.swift in Sources */ = {isa = PBXBuildFile; fileRef = 891A977B2C7E858700D4FA15 /* PersistenceController.swift */; };
		891A977F2C7E868100D4FA15 /* Note+helper.swift in Sources */ = {isa = PBXBuildFile; fileRef = 891A977E2C7E868100D4FA15 /* Note+helper.swift */; };
		891A97822C7F42BC00D4FA15 /* NoteSection.swift in Sources */ = {isa = PBXBuildFile; fileRef = 891A97812C7F42BC00D4FA15 /* NoteSection.swift */; };
		891A97842C7F4E9800D4FA15 /* NSPredicate+helper.swift in Sources */ = {isa = PBXBuildFile; fileRef = 891A97832C7F4E9800D4FA15 /* NSPredicate+helper.swift */; };
		891A97872C7F4FB700D4FA15 /* SearchBar.swift in Sources */ = {isa = PBXBuildFile; fileRef = 891A97862C7F4FB700D4FA15 /* SearchBar.swift */; };
		891A97892C7F511700D4FA15 /* NoteRowView.swift in Sources */ = {isa = PBXBuildFile; fileRef = 891A97882C7F511700D4FA15 /* NoteRowView.swift */; };
		89C881562C7FC0D500A92CB5 /* DetailView.swift in Sources */ = {isa = PBXBuildFile; fileRef = 89C881552C7FC0D500A92CB5 /* DetailView.swift */; };
		89C8815A2C8238C300A92CB5 /* TextFieldObserver.swift in Sources */ = {isa = PBXBuildFile; fileRef = 89C881592C8238C300A92CB5 /* TextFieldObserver.swift */; };
/* End PBXBuildFile section */

/* Begin PBXContainerItemProxy section */
		891A975C2C7E830400D4FA15 /* PBXContainerItemProxy */ = {
			isa = PBXContainerItemProxy;
			containerPortal = 891A97422C7E830100D4FA15 /* Project object */;
			proxyType = 1;
			remoteGlobalIDString = 891A97492C7E830100D4FA15;
			remoteInfo = CopyNotes;
		};
		891A97662C7E830400D4FA15 /* PBXContainerItemProxy */ = {
			isa = PBXContainerItemProxy;
			containerPortal = 891A97422C7E830100D4FA15 /* Project object */;
			proxyType = 1;
			remoteGlobalIDString = 891A97492C7E830100D4FA15;
			remoteInfo = CopyNotes;
		};
/* End PBXContainerItemProxy section */

/* Begin PBXFileReference section */
		891A974A2C7E830100D4FA15 /* CopyNotes.app */ = {isa = PBXFileReference; explicitFileType = wrapper.application; includeInIndex = 0; path = CopyNotes.app; sourceTree = BUILT_PRODUCTS_DIR; };
		891A974D2C7E830100D4FA15 /* CopyNotesApp.swift */ = {isa = PBXFileReference; lastKnownFileType = sourcecode.swift; path = CopyNotesApp.swift; sourceTree = "<group>"; };
		891A974F2C7E830100D4FA15 /* ContentView.swift */ = {isa = PBXFileReference; lastKnownFileType = sourcecode.swift; path = ContentView.swift; sourceTree = "<group>"; };
		891A97512C7E830400D4FA15 /* Assets.xcassets */ = {isa = PBXFileReference; lastKnownFileType = folder.assetcatalog; path = Assets.xcassets; sourceTree = "<group>"; };
		891A97542C7E830400D4FA15 /* Preview Assets.xcassets */ = {isa = PBXFileReference; lastKnownFileType = folder.assetcatalog; path = "Preview Assets.xcassets"; sourceTree = "<group>"; };
		891A97562C7E830400D4FA15 /* CopyNotes.entitlements */ = {isa = PBXFileReference; lastKnownFileType = text.plist.entitlements; path = CopyNotes.entitlements; sourceTree = "<group>"; };
		891A975B2C7E830400D4FA15 /* CopyNotesTests.xctest */ = {isa = PBXFileReference; explicitFileType = wrapper.cfbundle; includeInIndex = 0; path = CopyNotesTests.xctest; sourceTree = BUILT_PRODUCTS_DIR; };
		891A975F2C7E830400D4FA15 /* CopyNotesTests.swift */ = {isa = PBXFileReference; lastKnownFileType = sourcecode.swift; path = CopyNotesTests.swift; sourceTree = "<group>"; };
		891A97652C7E830400D4FA15 /* CopyNotesUITests.xctest */ = {isa = PBXFileReference; explicitFileType = wrapper.cfbundle; includeInIndex = 0; path = CopyNotesUITests.xctest; sourceTree = BUILT_PRODUCTS_DIR; };
		891A97692C7E830400D4FA15 /* CopyNotesUITests.swift */ = {isa = PBXFileReference; lastKnownFileType = sourcecode.swift; path = CopyNotesUITests.swift; sourceTree = "<group>"; };
		891A976B2C7E830400D4FA15 /* CopyNotesUITestsLaunchTests.swift */ = {isa = PBXFileReference; lastKnownFileType = sourcecode.swift; path = CopyNotesUITestsLaunchTests.swift; sourceTree = "<group>"; };
		891A97792C7E833600D4FA15 /* Notes.xcdatamodel */ = {isa = PBXFileReference; lastKnownFileType = wrapper.xcdatamodel; path = Notes.xcdatamodel; sourceTree = "<group>"; };
		891A977B2C7E858700D4FA15 /* PersistenceController.swift */ = {isa = PBXFileReference; lastKnownFileType = sourcecode.swift; path = PersistenceController.swift; sourceTree = "<group>"; };
		891A977E2C7E868100D4FA15 /* Note+helper.swift */ = {isa = PBXFileReference; lastKnownFileType = sourcecode.swift; path = "Note+helper.swift"; sourceTree = "<group>"; };
		891A97812C7F42BC00D4FA15 /* NoteSection.swift */ = {isa = PBXFileReference; lastKnownFileType = sourcecode.swift; path = NoteSection.swift; sourceTree = "<group>"; };
		891A97832C7F4E9800D4FA15 /* NSPredicate+helper.swift */ = {isa = PBXFileReference; lastKnownFileType = sourcecode.swift; path = "NSPredicate+helper.swift"; sourceTree = "<group>"; };
		891A97862C7F4FB700D4FA15 /* SearchBar.swift */ = {isa = PBXFileReference; lastKnownFileType = sourcecode.swift; path = SearchBar.swift; sourceTree = "<group>"; };
		891A97882C7F511700D4FA15 /* NoteRowView.swift */ = {isa = PBXFileReference; lastKnownFileType = sourcecode.swift; path = NoteRowView.swift; sourceTree = "<group>"; };
		89C881552C7FC0D500A92CB5 /* DetailView.swift */ = {isa = PBXFileReference; lastKnownFileType = sourcecode.swift; path = DetailView.swift; sourceTree = "<group>"; };
		89C881592C8238C300A92CB5 /* TextFieldObserver.swift */ = {isa = PBXFileReference; lastKnownFileType = sourcecode.swift; path = TextFieldObserver.swift; sourceTree = "<group>"; };
/* End PBXFileReference section */

/* Begin PBXFrameworksBuildPhase section */
		891A97472C7E830100D4FA15 /* Frameworks */ = {
			isa = PBXFrameworksBuildPhase;
			buildActionMask = 2147483647;
			files = (
			);
			runOnlyForDeploymentPostprocessing = 0;
		};
		891A97582C7E830400D4FA15 /* Frameworks */ = {
			isa = PBXFrameworksBuildPhase;
			buildActionMask = 2147483647;
			files = (
			);
			runOnlyForDeploymentPostprocessing = 0;
		};
		891A97622C7E830400D4FA15 /* Frameworks */ = {
			isa = PBXFrameworksBuildPhase;
			buildActionMask = 2147483647;
			files = (
			);
			runOnlyForDeploymentPostprocessing = 0;
		};
/* End PBXFrameworksBuildPhase section */

/* Begin PBXGroup section */
		891A97412C7E830100D4FA15 = {
			isa = PBXGroup;
			children = (
				89C881592C8238C300A92CB5 /* TextFieldObserver.swift */,
				891A974C2C7E830100D4FA15 /* CopyNotes */,
				891A975E2C7E830400D4FA15 /* CopyNotesTests */,
				891A97682C7E830400D4FA15 /* CopyNotesUITests */,
				891A974B2C7E830100D4FA15 /* Products */,
			);
			sourceTree = "<group>";
		};
		891A974B2C7E830100D4FA15 /* Products */ = {
			isa = PBXGroup;
			children = (
				891A974A2C7E830100D4FA15 /* CopyNotes.app */,
				891A975B2C7E830400D4FA15 /* CopyNotesTests.xctest */,
				891A97652C7E830400D4FA15 /* CopyNotesUITests.xctest */,
			);
			name = Products;
			sourceTree = "<group>";
		};
		891A974C2C7E830100D4FA15 /* CopyNotes */ = {
			isa = PBXGroup;
			children = (
				891A97812C7F42BC00D4FA15 /* NoteSection.swift */,
				891A974D2C7E830100D4FA15 /* CopyNotesApp.swift */,
				891A974F2C7E830100D4FA15 /* ContentView.swift */,
				891A97852C7F4F7E00D4FA15 /* Views */,
				891A97512C7E830400D4FA15 /* Assets.xcassets */,
				891A97562C7E830400D4FA15 /* CopyNotes.entitlements */,
				891A977D2C7E864500D4FA15 /* Core Data */,
				891A97532C7E830400D4FA15 /* Preview Content */,
			);
			path = CopyNotes;
			sourceTree = "<group>";
		};
		891A97532C7E830400D4FA15 /* Preview Content */ = {
			isa = PBXGroup;
			children = (
				891A97542C7E830400D4FA15 /* Preview Assets.xcassets */,
			);
			path = "Preview Content";
			sourceTree = "<group>";
		};
		891A975E2C7E830400D4FA15 /* CopyNotesTests */ = {
			isa = PBXGroup;
			children = (
				891A975F2C7E830400D4FA15 /* CopyNotesTests.swift */,
			);
			path = CopyNotesTests;
			sourceTree = "<group>";
		};
		891A97682C7E830400D4FA15 /* CopyNotesUITests */ = {
			isa = PBXGroup;
			children = (
				891A97692C7E830400D4FA15 /* CopyNotesUITests.swift */,
				891A976B2C7E830400D4FA15 /* CopyNotesUITestsLaunchTests.swift */,
			);
			path = CopyNotesUITests;
			sourceTree = "<group>";
		};
		891A977D2C7E864500D4FA15 /* Core Data */ = {
			isa = PBXGroup;
			children = (
				891A977B2C7E858700D4FA15 /* PersistenceController.swift */,
				891A977E2C7E868100D4FA15 /* Note+helper.swift */,
				891A97782C7E833600D4FA15 /* Notes.xcdatamodeld */,
				891A97832C7F4E9800D4FA15 /* NSPredicate+helper.swift */,
			);
			path = "Core Data";
			sourceTree = "<group>";
		};
		891A97852C7F4F7E00D4FA15 /* Views */ = {
			isa = PBXGroup;
			children = (
				891A97862C7F4FB700D4FA15 /* SearchBar.swift */,
				891A97882C7F511700D4FA15 /* NoteRowView.swift */,
				89C881552C7FC0D500A92CB5 /* DetailView.swift */,
			);
			path = Views;
			sourceTree = "<group>";
		};
/* End PBXGroup section */

/* Begin PBXNativeTarget section */
		891A97492C7E830100D4FA15 /* CopyNotes */ = {
			isa = PBXNativeTarget;
			buildConfigurationList = 891A976F2C7E830400D4FA15 /* Build configuration list for PBXNativeTarget "CopyNotes" */;
			buildPhases = (
				891A97462C7E830100D4FA15 /* Sources */,
				891A97472C7E830100D4FA15 /* Frameworks */,
				891A97482C7E830100D4FA15 /* Resources */,
			);
			buildRules = (
			);
			dependencies = (
			);
			name = CopyNotes;
			productName = CopyNotes;
			productReference = 891A974A2C7E830100D4FA15 /* CopyNotes.app */;
			productType = "com.apple.product-type.application";
		};
		891A975A2C7E830400D4FA15 /* CopyNotesTests */ = {
			isa = PBXNativeTarget;
			buildConfigurationList = 891A97722C7E830400D4FA15 /* Build configuration list for PBXNativeTarget "CopyNotesTests" */;
			buildPhases = (
				891A97572C7E830400D4FA15 /* Sources */,
				891A97582C7E830400D4FA15 /* Frameworks */,
				891A97592C7E830400D4FA15 /* Resources */,
			);
			buildRules = (
			);
			dependencies = (
				891A975D2C7E830400D4FA15 /* PBXTargetDependency */,
			);
			name = CopyNotesTests;
			productName = CopyNotesTests;
			productReference = 891A975B2C7E830400D4FA15 /* CopyNotesTests.xctest */;
			productType = "com.apple.product-type.bundle.unit-test";
		};
		891A97642C7E830400D4FA15 /* CopyNotesUITests */ = {
			isa = PBXNativeTarget;
			buildConfigurationList = 891A97752C7E830400D4FA15 /* Build configuration list for PBXNativeTarget "CopyNotesUITests" */;
			buildPhases = (
				891A97612C7E830400D4FA15 /* Sources */,
				891A97622C7E830400D4FA15 /* Frameworks */,
				891A97632C7E830400D4FA15 /* Resources */,
			);
			buildRules = (
			);
			dependencies = (
				891A97672C7E830400D4FA15 /* PBXTargetDependency */,
			);
			name = CopyNotesUITests;
			productName = CopyNotesUITests;
			productReference = 891A97652C7E830400D4FA15 /* CopyNotesUITests.xctest */;
			productType = "com.apple.product-type.bundle.ui-testing";
		};
/* End PBXNativeTarget section */

/* Begin PBXProject section */
		891A97422C7E830100D4FA15 /* Project object */ = {
			isa = PBXProject;
			attributes = {
				BuildIndependentTargetsInParallel = 1;
				LastSwiftUpdateCheck = 1320;
				LastUpgradeCheck = 1320;
				TargetAttributes = {
					891A97492C7E830100D4FA15 = {
						CreatedOnToolsVersion = 13.2.1;
					};
					891A975A2C7E830400D4FA15 = {
						CreatedOnToolsVersion = 13.2.1;
						TestTargetID = 891A97492C7E830100D4FA15;
					};
					891A97642C7E830400D4FA15 = {
						CreatedOnToolsVersion = 13.2.1;
						TestTargetID = 891A97492C7E830100D4FA15;
					};
				};
			};
			buildConfigurationList = 891A97452C7E830100D4FA15 /* Build configuration list for PBXProject "CopyNotes" */;
			compatibilityVersion = "Xcode 13.0";
			developmentRegion = en;
			hasScannedForEncodings = 0;
			knownRegions = (
				en,
				Base,
			);
			mainGroup = 891A97412C7E830100D4FA15;
			productRefGroup = 891A974B2C7E830100D4FA15 /* Products */;
			projectDirPath = "";
			projectRoot = "";
			targets = (
				891A97492C7E830100D4FA15 /* CopyNotes */,
				891A975A2C7E830400D4FA15 /* CopyNotesTests */,
				891A97642C7E830400D4FA15 /* CopyNotesUITests */,
			);
		};
/* End PBXProject section */

/* Begin PBXResourcesBuildPhase section */
		891A97482C7E830100D4FA15 /* Resources */ = {
			isa = PBXResourcesBuildPhase;
			buildActionMask = 2147483647;
			files = (
				891A97552C7E830400D4FA15 /* Preview Assets.xcassets in Resources */,
				891A97522C7E830400D4FA15 /* Assets.xcassets in Resources */,
			);
			runOnlyForDeploymentPostprocessing = 0;
		};
		891A97592C7E830400D4FA15 /* Resources */ = {
			isa = PBXResourcesBuildPhase;
			buildActionMask = 2147483647;
			files = (
			);
			runOnlyForDeploymentPostprocessing = 0;
		};
		891A97632C7E830400D4FA15 /* Resources */ = {
			isa = PBXResourcesBuildPhase;
			buildActionMask = 2147483647;
			files = (
			);
			runOnlyForDeploymentPostprocessing = 0;
		};
/* End PBXResourcesBuildPhase section */

/* Begin PBXSourcesBuildPhase section */
		891A97462C7E830100D4FA15 /* Sources */ = {
			isa = PBXSourcesBuildPhase;
			buildActionMask = 2147483647;
			files = (
				891A977F2C7E868100D4FA15 /* Note+helper.swift in Sources */,
				891A97822C7F42BC00D4FA15 /* NoteSection.swift in Sources */,
				891A97502C7E830100D4FA15 /* ContentView.swift in Sources */,
				89C881562C7FC0D500A92CB5 /* DetailView.swift in Sources */,
				891A977A2C7E833600D4FA15 /* Notes.xcdatamodeld in Sources */,
				891A974E2C7E830100D4FA15 /* CopyNotesApp.swift in Sources */,
				891A97872C7F4FB700D4FA15 /* SearchBar.swift in Sources */,
				891A97892C7F511700D4FA15 /* NoteRowView.swift in Sources */,
				891A97842C7F4E9800D4FA15 /* NSPredicate+helper.swift in Sources */,
				891A977C2C7E858700D4FA15 /* PersistenceController.swift in Sources */,
				89C8815A2C8238C300A92CB5 /* TextFieldObserver.swift in Sources */,
			);
			runOnlyForDeploymentPostprocessing = 0;
		};
		891A97572C7E830400D4FA15 /* Sources */ = {
			isa = PBXSourcesBuildPhase;
			buildActionMask = 2147483647;
			files = (
				891A97602C7E830400D4FA15 /* CopyNotesTests.swift in Sources */,
			);
			runOnlyForDeploymentPostprocessing = 0;
		};
		891A97612C7E830400D4FA15 /* Sources */ = {
			isa = PBXSourcesBuildPhase;
			buildActionMask = 2147483647;
			files = (
				891A976A2C7E830400D4FA15 /* CopyNotesUITests.swift in Sources */,
				891A976C2C7E830400D4FA15 /* CopyNotesUITestsLaunchTests.swift in Sources */,
			);
			runOnlyForDeploymentPostprocessing = 0;
		};
/* End PBXSourcesBuildPhase section */

/* Begin PBXTargetDependency section */
		891A975D2C7E830400D4FA15 /* PBXTargetDependency */ = {
			isa = PBXTargetDependency;
			target = 891A97492C7E830100D4FA15 /* CopyNotes */;
			targetProxy = 891A975C2C7E830400D4FA15 /* PBXContainerItemProxy */;
		};
		891A97672C7E830400D4FA15 /* PBXTargetDependency */ = {
			isa = PBXTargetDependency;
			target = 891A97492C7E830100D4FA15 /* CopyNotes */;
			targetProxy = 891A97662C7E830400D4FA15 /* PBXContainerItemProxy */;
		};
/* End PBXTargetDependency section */

/* Begin XCBuildConfiguration section */
		891A976D2C7E830400D4FA15 /* Debug */ = {
			isa = XCBuildConfiguration;
			buildSettings = {
				ALWAYS_SEARCH_USER_PATHS = NO;
				CLANG_ANALYZER_NONNULL = YES;
				CLANG_ANALYZER_NUMBER_OBJECT_CONVERSION = YES_AGGRESSIVE;
				CLANG_CXX_LANGUAGE_STANDARD = "gnu++17";
				CLANG_CXX_LIBRARY = "libc++";
				CLANG_ENABLE_MODULES = YES;
				CLANG_ENABLE_OBJC_ARC = YES;
				CLANG_ENABLE_OBJC_WEAK = YES;
				CLANG_WARN_BLOCK_CAPTURE_AUTORELEASING = YES;
				CLANG_WARN_BOOL_CONVERSION = YES;
				CLANG_WARN_COMMA = YES;
				CLANG_WARN_CONSTANT_CONVERSION = YES;
				CLANG_WARN_DEPRECATED_OBJC_IMPLEMENTATIONS = YES;
				CLANG_WARN_DIRECT_OBJC_ISA_USAGE = YES_ERROR;
				CLANG_WARN_DOCUMENTATION_COMMENTS = YES;
				CLANG_WARN_EMPTY_BODY = YES;
				CLANG_WARN_ENUM_CONVERSION = YES;
				CLANG_WARN_INFINITE_RECURSION = YES;
				CLANG_WARN_INT_CONVERSION = YES;
				CLANG_WARN_NON_LITERAL_NULL_CONVERSION = YES;
				CLANG_WARN_OBJC_IMPLICIT_RETAIN_SELF = YES;
				CLANG_WARN_OBJC_LITERAL_CONVERSION = YES;
				CLANG_WARN_OBJC_ROOT_CLASS = YES_ERROR;
				CLANG_WARN_QUOTED_INCLUDE_IN_FRAMEWORK_HEADER = YES;
				CLANG_WARN_RANGE_LOOP_ANALYSIS = YES;
				CLANG_WARN_STRICT_PROTOTYPES = YES;
				CLANG_WARN_SUSPICIOUS_MOVE = YES;
				CLANG_WARN_UNGUARDED_AVAILABILITY = YES_AGGRESSIVE;
				CLANG_WARN_UNREACHABLE_CODE = YES;
				CLANG_WARN__DUPLICATE_METHOD_MATCH = YES;
				COPY_PHASE_STRIP = NO;
				DEBUG_INFORMATION_FORMAT = dwarf;
				ENABLE_STRICT_OBJC_MSGSEND = YES;
				ENABLE_TESTABILITY = YES;
				GCC_C_LANGUAGE_STANDARD = gnu11;
				GCC_DYNAMIC_NO_PIC = NO;
				GCC_NO_COMMON_BLOCKS = YES;
				GCC_OPTIMIZATION_LEVEL = 0;
				GCC_PREPROCESSOR_DEFINITIONS = (
					"DEBUG=1",
					"$(inherited)",
				);
				GCC_WARN_64_TO_32_BIT_CONVERSION = YES;
				GCC_WARN_ABOUT_RETURN_TYPE = YES_ERROR;
				GCC_WARN_UNDECLARED_SELECTOR = YES;
				GCC_WARN_UNINITIALIZED_AUTOS = YES_AGGRESSIVE;
				GCC_WARN_UNUSED_FUNCTION = YES;
				GCC_WARN_UNUSED_VARIABLE = YES;
				MACOSX_DEPLOYMENT_TARGET = 11.7;
				MTL_ENABLE_DEBUG_INFO = INCLUDE_SOURCE;
				MTL_FAST_MATH = YES;
				ONLY_ACTIVE_ARCH = YES;
				SDKROOT = macosx;
				SWIFT_ACTIVE_COMPILATION_CONDITIONS = DEBUG;
				SWIFT_OPTIMIZATION_LEVEL = "-Onone";
			};
			name = Debug;
		};
		891A976E2C7E830400D4FA15 /* Release */ = {
			isa = XCBuildConfiguration;
			buildSettings = {
				ALWAYS_SEARCH_USER_PATHS = NO;
				CLANG_ANALYZER_NONNULL = YES;
				CLANG_ANALYZER_NUMBER_OBJECT_CONVERSION = YES_AGGRESSIVE;
				CLANG_CXX_LANGUAGE_STANDARD = "gnu++17";
				CLANG_CXX_LIBRARY = "libc++";
				CLANG_ENABLE_MODULES = YES;
				CLANG_ENABLE_OBJC_ARC = YES;
				CLANG_ENABLE_OBJC_WEAK = YES;
				CLANG_WARN_BLOCK_CAPTURE_AUTORELEASING = YES;
				CLANG_WARN_BOOL_CONVERSION = YES;
				CLANG_WARN_COMMA = YES;
				CLANG_WARN_CONSTANT_CONVERSION = YES;
				CLANG_WARN_DEPRECATED_OBJC_IMPLEMENTATIONS = YES;
				CLANG_WARN_DIRECT_OBJC_ISA_USAGE = YES_ERROR;
				CLANG_WARN_DOCUMENTATION_COMMENTS = YES;
				CLANG_WARN_EMPTY_BODY = YES;
				CLANG_WARN_ENUM_CONVERSION = YES;
				CLANG_WARN_INFINITE_RECURSION = YES;
				CLANG_WARN_INT_CONVERSION = YES;
				CLANG_WARN_NON_LITERAL_NULL_CONVERSION = YES;
				CLANG_WARN_OBJC_IMPLICIT_RETAIN_SELF = YES;
				CLANG_WARN_OBJC_LITERAL_CONVERSION = YES;
				CLANG_WARN_OBJC_ROOT_CLASS = YES_ERROR;
				CLANG_WARN_QUOTED_INCLUDE_IN_FRAMEWORK_HEADER = YES;
				CLANG_WARN_RANGE_LOOP_ANALYSIS = YES;
				CLANG_WARN_STRICT_PROTOTYPES = YES;
				CLANG_WARN_SUSPICIOUS_MOVE = YES;
				CLANG_WARN_UNGUARDED_AVAILABILITY = YES_AGGRESSIVE;
				CLANG_WARN_UNREACHABLE_CODE = YES;
				CLANG_WARN__DUPLICATE_METHOD_MATCH = YES;
				COPY_PHASE_STRIP = NO;
				DEBUG_INFORMATION_FORMAT = "dwarf-with-dsym";
				ENABLE_NS_ASSERTIONS = NO;
				ENABLE_STRICT_OBJC_MSGSEND = YES;
				GCC_C_LANGUAGE_STANDARD = gnu11;
				GCC_NO_COMMON_BLOCKS = YES;
				GCC_WARN_64_TO_32_BIT_CONVERSION = YES;
				GCC_WARN_ABOUT_RETURN_TYPE = YES_ERROR;
				GCC_WARN_UNDECLARED_SELECTOR = YES;
				GCC_WARN_UNINITIALIZED_AUTOS = YES_AGGRESSIVE;
				GCC_WARN_UNUSED_FUNCTION = YES;
				GCC_WARN_UNUSED_VARIABLE = YES;
				MACOSX_DEPLOYMENT_TARGET = 11.7;
				MTL_ENABLE_DEBUG_INFO = NO;
				MTL_FAST_MATH = YES;
				SDKROOT = macosx;
				SWIFT_COMPILATION_MODE = wholemodule;
				SWIFT_OPTIMIZATION_LEVEL = "-O";
			};
			name = Release;
		};
		891A97702C7E830400D4FA15 /* Debug */ = {
			isa = XCBuildConfiguration;
			buildSettings = {
				ASSETCATALOG_COMPILER_APPICON_NAME = AppIcon;
				ASSETCATALOG_COMPILER_GLOBAL_ACCENT_COLOR_NAME = AccentColor;
				CODE_SIGN_ENTITLEMENTS = CopyNotes/CopyNotes.entitlements;
				CODE_SIGN_STYLE = Automatic;
				COMBINE_HIDPI_IMAGES = YES;
				CURRENT_PROJECT_VERSION = 1;
				DEVELOPMENT_ASSET_PATHS = "\"CopyNotes/Preview Content\"";
				DEVELOPMENT_TEAM = P8V5RWH89Z;
				ENABLE_HARDENED_RUNTIME = YES;
				ENABLE_PREVIEWS = YES;
				GENERATE_INFOPLIST_FILE = YES;
				INFOPLIST_KEY_NSHumanReadableCopyright = "";
				LD_RUNPATH_SEARCH_PATHS = (
					"$(inherited)",
					"@executable_path/../Frameworks",
				);
				MARKETING_VERSION = 1.0;
				PRODUCT_BUNDLE_IDENTIFIER = com.cliveke.CopyNotes;
				PRODUCT_NAME = "$(TARGET_NAME)";
				SWIFT_EMIT_LOC_STRINGS = YES;
				SWIFT_VERSION = 5.0;
			};
			name = Debug;
		};
		891A97712C7E830400D4FA15 /* Release */ = {
			isa = XCBuildConfiguration;
			buildSettings = {
				ASSETCATALOG_COMPILER_APPICON_NAME = AppIcon;
				ASSETCATALOG_COMPILER_GLOBAL_ACCENT_COLOR_NAME = AccentColor;
				CODE_SIGN_ENTITLEMENTS = CopyNotes/CopyNotes.entitlements;
				CODE_SIGN_STYLE = Automatic;
				COMBINE_HIDPI_IMAGES = YES;
				CURRENT_PROJECT_VERSION = 1;
				DEVELOPMENT_ASSET_PATHS = "\"CopyNotes/Preview Content\"";
				DEVELOPMENT_TEAM = P8V5RWH89Z;
				ENABLE_HARDENED_RUNTIME = YES;
				ENABLE_PREVIEWS = YES;
				GENERATE_INFOPLIST_FILE = YES;
				INFOPLIST_KEY_NSHumanReadableCopyright = "";
				LD_RUNPATH_SEARCH_PATHS = (
					"$(inherited)",
					"@executable_path/../Frameworks",
				);
				MARKETING_VERSION = 1.0;
				PRODUCT_BUNDLE_IDENTIFIER = com.cliveke.CopyNotes;
				PRODUCT_NAME = "$(TARGET_NAME)";
				SWIFT_EMIT_LOC_STRINGS = YES;
				SWIFT_VERSION = 5.0;
			};
			name = Release;
		};
		891A97732C7E830400D4FA15 /* Debug */ = {
			isa = XCBuildConfiguration;
			buildSettings = {
				ALWAYS_EMBED_SWIFT_STANDARD_LIBRARIES = YES;
				BUNDLE_LOADER = "$(TEST_HOST)";
				CODE_SIGN_STYLE = Automatic;
				CURRENT_PROJECT_VERSION = 1;
				DEVELOPMENT_TEAM = P8V5RWH89Z;
				GENERATE_INFOPLIST_FILE = YES;
				MACOSX_DEPLOYMENT_TARGET = 11.7;
				MARKETING_VERSION = 1.0;
				PRODUCT_BUNDLE_IDENTIFIER = com.cliveke.CopyNotesTests;
				PRODUCT_NAME = "$(TARGET_NAME)";
				SWIFT_EMIT_LOC_STRINGS = NO;
				SWIFT_VERSION = 5.0;
				TEST_HOST = "$(BUILT_PRODUCTS_DIR)/CopyNotes.app/Contents/MacOS/CopyNotes";
			};
			name = Debug;
		};
		891A97742C7E830400D4FA15 /* Release */ = {
			isa = XCBuildConfiguration;
			buildSettings = {
				ALWAYS_EMBED_SWIFT_STANDARD_LIBRARIES = YES;
				BUNDLE_LOADER = "$(TEST_HOST)";
				CODE_SIGN_STYLE = Automatic;
				CURRENT_PROJECT_VERSION = 1;
				DEVELOPMENT_TEAM = P8V5RWH89Z;
				GENERATE_INFOPLIST_FILE = YES;
				MACOSX_DEPLOYMENT_TARGET = 11.7;
				MARKETING_VERSION = 1.0;
				PRODUCT_BUNDLE_IDENTIFIER = com.cliveke.CopyNotesTests;
				PRODUCT_NAME = "$(TARGET_NAME)";
				SWIFT_EMIT_LOC_STRINGS = NO;
				SWIFT_VERSION = 5.0;
				TEST_HOST = "$(BUILT_PRODUCTS_DIR)/CopyNotes.app/Contents/MacOS/CopyNotes";
			};
			name = Release;
		};
		891A97762C7E830400D4FA15 /* Debug */ = {
			isa = XCBuildConfiguration;
			buildSettings = {
				ALWAYS_EMBED_SWIFT_STANDARD_LIBRARIES = YES;
				CODE_SIGN_STYLE = Automatic;
				CURRENT_PROJECT_VERSION = 1;
				DEVELOPMENT_TEAM = P8V5RWH89Z;
				GENERATE_INFOPLIST_FILE = YES;
				MARKETING_VERSION = 1.0;
				PRODUCT_BUNDLE_IDENTIFIER = com.cliveke.CopyNotesUITests;
				PRODUCT_NAME = "$(TARGET_NAME)";
				SWIFT_EMIT_LOC_STRINGS = NO;
				SWIFT_VERSION = 5.0;
				TEST_TARGET_NAME = CopyNotes;
			};
			name = Debug;
		};
		891A97772C7E830400D4FA15 /* Release */ = {
			isa = XCBuildConfiguration;
			buildSettings = {
				ALWAYS_EMBED_SWIFT_STANDARD_LIBRARIES = YES;
				CODE_SIGN_STYLE = Automatic;
				CURRENT_PROJECT_VERSION = 1;
				DEVELOPMENT_TEAM = P8V5RWH89Z;
				GENERATE_INFOPLIST_FILE = YES;
				MARKETING_VERSION = 1.0;
				PRODUCT_BUNDLE_IDENTIFIER = com.cliveke.CopyNotesUITests;
				PRODUCT_NAME = "$(TARGET_NAME)";
				SWIFT_EMIT_LOC_STRINGS = NO;
				SWIFT_VERSION = 5.0;
				TEST_TARGET_NAME = CopyNotes;
			};
			name = Release;
		};
/* End XCBuildConfiguration section */

/* Begin XCConfigurationList section */
		891A97452C7E830100D4FA15 /* Build configuration list for PBXProject "CopyNotes" */ = {
			isa = XCConfigurationList;
			buildConfigurations = (
				891A976D2C7E830400D4FA15 /* Debug */,
				891A976E2C7E830400D4FA15 /* Release */,
			);
			defaultConfigurationIsVisible = 0;
			defaultConfigurationName = Release;
		};
		891A976F2C7E830400D4FA15 /* Build configuration list for PBXNativeTarget "CopyNotes" */ = {
			isa = XCConfigurationList;
			buildConfigurations = (
				891A97702C7E830400D4FA15 /* Debug */,
				891A97712C7E830400D4FA15 /* Release */,
			);
			defaultConfigurationIsVisible = 0;
			defaultConfigurationName = Release;
		};
		891A97722C7E830400D4FA15 /* Build configuration list for PBXNativeTarget "CopyNotesTests" */ = {
			isa = XCConfigurationList;
			buildConfigurations = (
				891A97732C7E830400D4FA15 /* Debug */,
				891A97742C7E830400D4FA15 /* Release */,
			);
			defaultConfigurationIsVisible = 0;
			defaultConfigurationName = Release;
		};
		891A97752C7E830400D4FA15 /* Build configuration list for PBXNativeTarget "CopyNotesUITests" */ = {
			isa = XCConfigurationList;
			buildConfigurations = (
				891A97762C7E830400D4FA15 /* Debug */,
				891A97772C7E830400D4FA15 /* Release */,
			);
			defaultConfigurationIsVisible = 0;
			defaultConfigurationName = Release;
		};
/* End XCConfigurationList section */

/* Begin XCVersionGroup section */
		891A97782C7E833600D4FA15 /* Notes.xcdatamodeld */ = {
			isa = XCVersionGroup;
			children = (
				891A97792C7E833600D4FA15 /* Notes.xcdatamodel */,
			);
			currentVersion = 891A97792C7E833600D4FA15 /* Notes.xcdatamodel */;
			path = Notes.xcdatamodeld;
			sourceTree = "<group>";
			versionGroupType = wrapper.xcdatamodel;
		};
/* End XCVersionGroup section */
	};
	rootObject = 891A97422C7E830100D4FA15 /* Project object */;
}
